
Microsoft Visual Studio Solution File, Format Version 12.00
# Visual Studio 15
VisualStudioVersion = 15.0.28010.2003
MinimumVisualStudioVersion = 10.0.40219.1
Project("{FAE04EC0-301F-11D3-BF4B-00C04F79EFBC}") = "GS.Tools", "GS.Tools\GS.Tools.csproj", "{144128FB-9DD5-4AA1-A981-4E152D278985}"
EndProject
Project("{FAE04EC0-301F-11D3-BF4B-00C04F79EFBC}") = "UnitTests", "UnitTests\UnitTests.csproj", "{77469F75-0765-4E81-B3D8-05877F8EE62E}"
EndProject
Project("{2150E333-8FDC-42A3-9474-1A3956D46DE8}") = "Solution Items", "Solution Items", "{C8B0FC5B-BDBB-4C73-9DE2-E5D49CB6F529}"
	ProjectSection(SolutionItems) = preProject
		LICENSE = LICENSE
		README.md = README.md
	EndProjectSection
EndProject
Global
	GlobalSection(SolutionConfigurationPlatforms) = preSolution
		Debug|Any CPU = Debug|Any CPU
		Release|Any CPU = Release|Any CPU
	EndGlobalSection
	GlobalSection(ProjectConfigurationPlatforms) = postSolution
		{144128FB-9DD5-4AA1-A981-4E152D278985}.Debug|Any CPU.ActiveCfg = Debug|Any CPU
		{144128FB-9DD5-4AA1-A981-4E152D278985}.Debug|Any CPU.Build.0 = Debug|Any CPU
		{144128FB-9DD5-4AA1-A981-4E152D278985}.Release|Any CPU.ActiveCfg = Release|Any CPU
		{144128FB-9DD5-4AA1-A981-4E152D278985}.Release|Any CPU.Build.0 = Release|Any CPU
		{77469F75-0765-4E81-B3D8-05877F8EE62E}.Debug|Any CPU.ActiveCfg = Debug|Any CPU
		{77469F75-0765-4E81-B3D8-05877F8EE62E}.Debug|Any CPU.Build.0 = Debug|Any CPU
		{77469F75-0765-4E81-B3D8-05877F8EE62E}.Release|Any CPU.ActiveCfg = Release|Any CPU
		{77469F75-0765-4E81-B3D8-05877F8EE62E}.Release|Any CPU.Build.0 = Release|Any CPU
	EndGlobalSection
	GlobalSection(SolutionProperties) = preSolution
		HideSolutionNode = FALSE
	EndGlobalSection
	GlobalSection(ExtensibilityGlobals) = postSolution
		SolutionGuid = {ED01B72E-778A-4B95-9C2D-3D11133A8882}
	EndGlobalSection
EndGlobal
